
Microsoft Visual Studio Solution File, Format Version 12.00
# Visual Studio Version 17
VisualStudioVersion = 17.0.32112.339
MinimumVisualStudioVersion = 10.0.40219.1
Project("{FAE04EC0-301F-11D3-BF4B-00C04F79EFBC}") = "Lists-", "Lists-\Lists-.csproj", "{EA0A2A1C-2D6D-49B9-A340-476532B8920C}"
EndProject
Global
	GlobalSection(SolutionConfigurationPlatforms) = preSolution
		Debug|Any CPU = Debug|Any CPU
		Release|Any CPU = Release|Any CPU
	EndGlobalSection
	GlobalSection(ProjectConfigurationPlatforms) = postSolution
		{EA0A2A1C-2D6D-49B9-A340-476532B8920C}.Debug|Any CPU.ActiveCfg = Debug|Any CPU
		{EA0A2A1C-2D6D-49B9-A340-476532B8920C}.Debug|Any CPU.Build.0 = Debug|Any CPU
		{EA0A2A1C-2D6D-49B9-A340-476532B8920C}.Release|Any CPU.ActiveCfg = Release|Any CPU
		{EA0A2A1C-2D6D-49B9-A340-476532B8920C}.Release|Any CPU.Build.0 = Release|Any CPU
	EndGlobalSection
	GlobalSection(SolutionProperties) = preSolution
		HideSolutionNode = FALSE
	EndGlobalSection
	GlobalSection(ExtensibilityGlobals) = postSolution
		SolutionGuid = {C2A3F53F-A2CE-4866-BEEF-9F196B7B85BD}
	EndGlobalSection
EndGlobal
